{
  "nodes": {
    "emacs-config": {
      "flake": false,
      "locked": {
        "lastModified": 1772700057,
        "narHash": "sha256-c8TfCnU84BOxkrsBLTSD1MYfK5qY8jUqdCqaUFy0RqU=",
        "owner": "larstvei",
        "repo": "dot-emacs",
        "rev": "3740a6a9e2fb7a44f5a0e069ea3a921ebc70d5ae",
        "type": "github"
      },
      "original": {
        "owner": "larstvei",
        "repo": "dot-emacs",
        "type": "github"
      }
    },
    "emacs-overlay": {
      "inputs": {
        "nixpkgs": "nixpkgs",
        "nixpkgs-stable": "nixpkgs-stable"
      },
      "locked": {
        "lastModified": 1780804174,
        "narHash": "sha256-RHQ1j4WFZouop2fYDwO1dckXDhwQbwCI14AyeoWGnrA=",
        "owner": "nix-community",
        "repo": "emacs-overlay",
        "rev": "38bbab98e1a76ac901714fdfdd48b9d26de10fd2",
        "type": "github"
      },
      "original": {
        "owner": "nix-community",
        "repo": "emacs-overlay",
        "type": "github"
      }
    },
    "emacs-plus": {
      "flake": false,
      "locked": {
        "lastModified": 1780646521,
        "narHash": "sha256-FXAgYGiy9hxQ1xgU1mheho5u2HCuLvgrybU+nu9aDKc=",
        "owner": "d12frosted",
        "repo": "homebrew-emacs-plus",
        "rev": "0df9688bb0f6b8e05585a5e8cdc82e0b14fb1921",
        "type": "github"
      },
      "original": {
        "owner": "d12frosted",
        "repo": "homebrew-emacs-plus",
        "type": "github"
      }
    },
    "flake-utils": {
      "inputs": {
        "systems": "systems"
      },
      "locked": {
        "lastModified": 1731533236,
        "narHash": "sha256-l0KFg5HjrsfsO/JpG+r7fRrqm12kzFHyUHqHCVpMMbI=",
        "owner": "numtide",
        "repo": "flake-utils",
        "rev": "11707dc2f618dd54ca8739b309ec4fc024de578b",
        "type": "github"
      },
      "original": {
        "owner": "numtide",
        "repo": "flake-utils",
        "type": "github"
      }
    },
    "nixpkgs": {
      "locked": {
        "lastModified": 1780243769,
        "narHash": "sha256-x5UQuRsH3MqI0U9afaXSNqzTPSeZlRLvFAav2Ux1pNw=",
        "owner": "NixOS",
        "repo": "nixpkgs",
        "rev": "331800de5053fcebacf6813adb5db9c9dca22a0c",
        "type": "github"
      },
      "original": {
        "owner": "NixOS",
        "ref": "nixos-unstable",
        "repo": "nixpkgs",
        "type": "github"
      }
    },
    "nixpkgs-stable": {
      "locked": {
        "lastModified": 1780453794,
        "narHash": "sha256-bXMRa9VTsHSPXL4Cw8R6JJLQeY3Y/IP4+YJCYVmQ7FY=",
        "owner": "NixOS",
        "repo": "nixpkgs",
        "rev": "6b316287bae2ee04c9b93c8c858d930fd07d7338",
        "type": "github"
      },
      "original": {
        "owner": "NixOS",
        "ref": "nixos-26.05",
        "repo": "nixpkgs",
        "type": "github"
      }
    },
    "nixpkgs_2": {
      "locked": {
        "lastModified": 1780747962,
        "narHash": "sha256-IX7G1dlKrOqPOImfbo7ADDfV5yU1+j+MRChI3TL4tAA=",
        "owner": "NixOS",
        "repo": "nixpkgs",
        "rev": "cbb5cf358f50aa6acc9efd6113b7bcfbc352cd73",
        "type": "github"
      },
      "original": {
        "owner": "NixOS",
        "ref": "nixpkgs-unstable",
        "repo": "nixpkgs",
        "type": "github"
      }
    },
    "root": {
      "inputs": {
        "emacs-config": "emacs-config",
        "emacs-overlay": "emacs-overlay",
        "emacs-plus": "emacs-plus",
        "flake-utils": "flake-utils",
        "nixpkgs": "nixpkgs_2"
      }
    },
    "systems": {
      "locked": {
        "lastModified": 1681028828,
        "narHash": "sha256-Vy1rq5AaRuLzOxct8nz4T6wlgyUR7zLU309k9mBC768=",
        "owner": "nix-systems",
        "repo": "default",
        "rev": "da67096a3b9bf56a91d16901293e51ba5b49a27e",
        "type": "github"
      },
      "original": {
        "owner": "nix-systems",
        "repo": "default",
        "type": "github"
      }
    }
  },
  "root": "root",
  "version": 7
}
